
Microsoft Visual Studio Solution File, Format Version 12.00
# Visual Studio Version 17
VisualStudioVersion = 17.14.36616.10
MinimumVisualStudioVersion = 10.0.40219.1
Project("{FAE04EC0-301F-11D3-BF4B-00C04F79EFBC}") = "SaveVacancyStats", "MSDis\SaveVacancyStats.csproj", "{4C49A192-379A-46EC-B184-B8B8EA2EB558}"
EndProject
Project("{FAE04EC0-301F-11D3-BF4B-00C04F79EFBC}") = "GetVacancyStats", "GetVacancyStats\GetVacancyStats.csproj", "{E6AF4ABA-0E1A-4C68-9C9D-FE64ADF4172A}"
EndProject
Global
	GlobalSection(SolutionConfigurationPlatforms) = preSolution
		Debug|Any CPU = Debug|Any CPU
		Release|Any CPU = Release|Any CPU
	EndGlobalSection
	GlobalSection(ProjectConfigurationPlatforms) = postSolution
		{4C49A192-379A-46EC-B184-B8B8EA2EB558}.Debug|Any CPU.ActiveCfg = Debug|Any CPU
		{4C49A192-379A-46EC-B184-B8B8EA2EB558}.Debug|Any CPU.Build.0 = Debug|Any CPU
		{4C49A192-379A-46EC-B184-B8B8EA2EB558}.Release|Any CPU.ActiveCfg = Release|Any CPU
		{4C49A192-379A-46EC-B184-B8B8EA2EB558}.Release|Any CPU.Build.0 = Release|Any CPU
		{E6AF4ABA-0E1A-4C68-9C9D-FE64ADF4172A}.Debug|Any CPU.ActiveCfg = Debug|Any CPU
		{E6AF4ABA-0E1A-4C68-9C9D-FE64ADF4172A}.Debug|Any CPU.Build.0 = Debug|Any CPU
		{E6AF4ABA-0E1A-4C68-9C9D-FE64ADF4172A}.Release|Any CPU.ActiveCfg = Release|Any CPU
		{E6AF4ABA-0E1A-4C68-9C9D-FE64ADF4172A}.Release|Any CPU.Build.0 = Release|Any CPU
	EndGlobalSection
	GlobalSection(SolutionProperties) = preSolution
		HideSolutionNode = FALSE
	EndGlobalSection
	GlobalSection(ExtensibilityGlobals) = postSolution
		SolutionGuid = {9B180ABD-7206-4078-ACE9-24F2A5E48B2E}
	EndGlobalSection
EndGlobal
